// !$*UTF8*$!
{
	archiveVersion = 1;
	classes = {
	};
	objectVersion = 56;
	objects = {

/* Begin PBXBuildFile section */
		BD50962F2C5C18AF00B530D8 /* EqualFootinggApp.swift in Sources */ = {isa = PBXBuildFile; fileRef = BD50962E2C5C18AF00B530D8 /* EqualFootinggApp.swift */; };
		BD5096312C5C18AF00B530D8 /* ContentView.swift in Sources */ = {isa = PBXBuildFile; fileRef = BD5096302C5C18AF00B530D8 /* ContentView.swift */; };
		BD5096332C5C18B100B530D8 /* Assets.xcassets in Resources */ = {isa = PBXBuildFile; fileRef = BD5096322C5C18B100B530D8 /* Assets.xcassets */; };
		BD5096362C5C18B100B530D8 /* Preview Assets.xcassets in Resources */ = {isa = PBXBuildFile; fileRef = BD5096352C5C18B100B530D8 /* Preview Assets.xcassets */; };
		BD50963D2C5C18FD00B530D8 /* survey.swift in Sources */ = {isa = PBXBuildFile; fileRef = BD50963C2C5C18FD00B530D8 /* survey.swift */; };
		BD50963F2C5C193300B530D8 /* sat.swift in Sources */ = {isa = PBXBuildFile; fileRef = BD50963E2C5C193300B530D8 /* sat.swift */; };
		BD5096412C5C196300B530D8 /* list.swift in Sources */ = {isa = PBXBuildFile; fileRef = BD5096402C5C196300B530D8 /* list.swift */; };
		BD5096432C5C199400B530D8 /* infopage.swift in Sources */ = {isa = PBXBuildFile; fileRef = BD5096422C5C199400B530D8 /* infopage.swift */; };
		BD5096452C5C19D600B530D8 /* commonapp.swift in Sources */ = {isa = PBXBuildFile; fileRef = BD5096442C5C19D600B530D8 /* commonapp.swift */; };
		BD5096472C5C1A0300B530D8 /* college.swift in Sources */ = {isa = PBXBuildFile; fileRef = BD5096462C5C1A0300B530D8 /* college.swift */; };
		BD5096492C5C1A6700B530D8 /* search.swift in Sources */ = {isa = PBXBuildFile; fileRef = BD5096482C5C1A6700B530D8 /* search.swift */; };
/* End PBXBuildFile section */

/* Begin PBXFileReference section */
		BD50962B2C5C18AF00B530D8 /* EqualFootingg.app */ = {isa = PBXFileReference; explicitFileType = wrapper.application; includeInIndex = 0; path = EqualFootingg.app; sourceTree = BUILT_PRODUCTS_DIR; };
		BD50962E2C5C18AF00B530D8 /* EqualFootinggApp.swift */ = {isa = PBXFileReference; lastKnownFileType = sourcecode.swift; path = EqualFootinggApp.swift; sourceTree = "<group>"; };
		BD5096302C5C18AF00B530D8 /* ContentView.swift */ = {isa = PBXFileReference; lastKnownFileType = sourcecode.swift; path = ContentView.swift; sourceTree = "<group>"; };
		BD5096322C5C18B100B530D8 /* Assets.xcassets */ = {isa = PBXFileReference; lastKnownFileType = folder.assetcatalog; path = Assets.xcassets; sourceTree = "<group>"; };
		BD5096352C5C18B100B530D8 /* Preview Assets.xcassets */ = {isa = PBXFileReference; lastKnownFileType = folder.assetcatalog; path = "Preview Assets.xcassets"; sourceTree = "<group>"; };
		BD50963C2C5C18FD00B530D8 /* survey.swift */ = {isa = PBXFileReference; lastKnownFileType = sourcecode.swift; path = survey.swift; sourceTree = "<group>"; };
		BD50963E2C5C193300B530D8 /* sat.swift */ = {isa = PBXFileReference; lastKnownFileType = sourcecode.swift; path = sat.swift; sourceTree = "<group>"; };
		BD5096402C5C196300B530D8 /* list.swift */ = {isa = PBXFileReference; lastKnownFileType = sourcecode.swift; path = list.swift; sourceTree = "<group>"; };
		BD5096422C5C199400B530D8 /* infopage.swift */ = {isa = PBXFileReference; lastKnownFileType = sourcecode.swift; path = infopage.swift; sourceTree = "<group>"; };
		BD5096442C5C19D600B530D8 /* commonapp.swift */ = {isa = PBXFileReference; lastKnownFileType = sourcecode.swift; path = commonapp.swift; sourceTree = "<group>"; };
		BD5096462C5C1A0300B530D8 /* college.swift */ = {isa = PBXFileReference; lastKnownFileType = sourcecode.swift; path = college.swift; sourceTree = "<group>"; };
		BD5096482C5C1A6700B530D8 /* search.swift */ = {isa = PBXFileReference; lastKnownFileType = sourcecode.swift; path = search.swift; sourceTree = "<group>"; };
/* End PBXFileReference section */

/* Begin PBXFrameworksBuildPhase section */
		BD5096282C5C18AF00B530D8 /* Frameworks */ = {
			isa = PBXFrameworksBuildPhase;
			buildActionMask = 2147483647;
			files = (
			);
			runOnlyForDeploymentPostprocessing = 0;
		};
/* End PBXFrameworksBuildPhase section */

/* Begin PBXGroup section */
		BD5096222C5C18AF00B530D8 = {
			isa = PBXGroup;
			children = (
				BD50962D2C5C18AF00B530D8 /* EqualFootingg */,
				BD50962C2C5C18AF00B530D8 /* Products */,
			);
			sourceTree = "<group>";
		};
		BD50962C2C5C18AF00B530D8 /* Products */ = {
			isa = PBXGroup;
			children = (
				BD50962B2C5C18AF00B530D8 /* EqualFootingg.app */,
			);
			name = Products;
			sourceTree = "<group>";
		};
		BD50962D2C5C18AF00B530D8 /* EqualFootingg */ = {
			isa = PBXGroup;
			children = (
				BD50962E2C5C18AF00B530D8 /* EqualFootinggApp.swift */,
				BD5096302C5C18AF00B530D8 /* ContentView.swift */,
				BD50963C2C5C18FD00B530D8 /* survey.swift */,
				BD5096422C5C199400B530D8 /* infopage.swift */,
				BD5096442C5C19D600B530D8 /* commonapp.swift */,
				BD5096462C5C1A0300B530D8 /* college.swift */,
				BD5096482C5C1A6700B530D8 /* search.swift */,
				BD50963E2C5C193300B530D8 /* sat.swift */,
				BD5096402C5C196300B530D8 /* list.swift */,
				BD5096322C5C18B100B530D8 /* Assets.xcassets */,
				BD5096342C5C18B100B530D8 /* Preview Content */,
			);
			path = EqualFootingg;
			sourceTree = "<group>";
		};
		BD5096342C5C18B100B530D8 /* Preview Content */ = {
			isa = PBXGroup;
			children = (
				BD5096352C5C18B100B530D8 /* Preview Assets.xcassets */,
			);
			path = "Preview Content";
			sourceTree = "<group>";
		};
/* End PBXGroup section */

/* Begin PBXNativeTarget section */
		BD50962A2C5C18AF00B530D8 /* EqualFootingg */ = {
			isa = PBXNativeTarget;
			buildConfigurationList = BD5096392C5C18B100B530D8 /* Build configuration list for PBXNativeTarget "EqualFootingg" */;
			buildPhases = (
				BD5096272C5C18AF00B530D8 /* Sources */,
				BD5096282C5C18AF00B530D8 /* Frameworks */,
				BD5096292C5C18AF00B530D8 /* Resources */,
			);
			buildRules = (
			);
			dependencies = (
			);
			name = EqualFootingg;
			productName = EqualFootingg;
			productReference = BD50962B2C5C18AF00B530D8 /* EqualFootingg.app */;
			productType = "com.apple.product-type.application";
		};
/* End PBXNativeTarget section */

/* Begin PBXProject section */
		BD5096232C5C18AF00B530D8 /* Project object */ = {
			isa = PBXProject;
			attributes = {
				BuildIndependentTargetsInParallel = 1;
				LastSwiftUpdateCheck = 1540;
				LastUpgradeCheck = 1540;
				TargetAttributes = {
					BD50962A2C5C18AF00B530D8 = {
						CreatedOnToolsVersion = 15.4;
					};
				};
			};
			buildConfigurationList = BD5096262C5C18AF00B530D8 /* Build configuration list for PBXProject "EqualFootingg" */;
			compatibilityVersion = "Xcode 14.0";
			developmentRegion = en;
			hasScannedForEncodings = 0;
			knownRegions = (
				en,
				Base,
			);
			mainGroup = BD5096222C5C18AF00B530D8;
			productRefGroup = BD50962C2C5C18AF00B530D8 /* Products */;
			projectDirPath = "";
			projectRoot = "";
			targets = (
				BD50962A2C5C18AF00B530D8 /* EqualFootingg */,
			);
		};
/* End PBXProject section */

/* Begin PBXResourcesBuildPhase section */
		BD5096292C5C18AF00B530D8 /* Resources */ = {
			isa = PBXResourcesBuildPhase;
			buildActionMask = 2147483647;
			files = (
				BD5096362C5C18B100B530D8 /* Preview Assets.xcassets in Resources */,
				BD5096332C5C18B100B530D8 /* Assets.xcassets in Resources */,
			);
			runOnlyForDeploymentPostprocessing = 0;
		};
/* End PBXResourcesBuildPhase section */

/* Begin PBXSourcesBuildPhase section */
		BD5096272C5C18AF00B530D8 /* Sources */ = {
			isa = PBXSourcesBuildPhase;
			buildActionMask = 2147483647;
			files = (
				BD5096432C5C199400B530D8 /* infopage.swift in Sources */,
				BD5096452C5C19D600B530D8 /* commonapp.swift in Sources */,
				BD5096412C5C196300B530D8 /* list.swift in Sources */,
				BD5096472C5C1A0300B530D8 /* college.swift in Sources */,
				BD50963F2C5C193300B530D8 /* sat.swift in Sources */,
				BD5096312C5C18AF00B530D8 /* ContentView.swift in Sources */,
				BD5096492C5C1A6700B530D8 /* search.swift in Sources */,
				BD50963D2C5C18FD00B530D8 /* survey.swift in Sources */,
				BD50962F2C5C18AF00B530D8 /* EqualFootinggApp.swift in Sources */,
			);
			runOnlyForDeploymentPostprocessing = 0;
		};
/* End PBXSourcesBuildPhase section */

/* Begin XCBuildConfiguration section */
		BD5096372C5C18B100B530D8 /* Debug */ = {
			isa = XCBuildConfiguration;
			buildSettings = {
				ALWAYS_SEARCH_USER_PATHS = NO;
				ASSETCATALOG_COMPILER_GENERATE_SWIFT_ASSET_SYMBOL_EXTENSIONS = YES;
				CLANG_ANALYZER_NONNULL = YES;
				CLANG_ANALYZER_NUMBER_OBJECT_CONVERSION = YES_AGGRESSIVE;
				CLANG_CXX_LANGUAGE_STANDARD = "gnu++20";
				CLANG_ENABLE_MODULES = YES;
				CLANG_ENABLE_OBJC_ARC = YES;
				CLANG_ENABLE_OBJC_WEAK = YES;
				CLANG_WARN_BLOCK_CAPTURE_AUTORELEASING = YES;
				CLANG_WARN_BOOL_CONVERSION = YES;
				CLANG_WARN_COMMA = YES;
				CLANG_WARN_CONSTANT_CONVERSION = YES;
				CLANG_WARN_DEPRECATED_OBJC_IMPLEMENTATIONS = YES;
				CLANG_WARN_DIRECT_OBJC_ISA_USAGE = YES_ERROR;
				CLANG_WARN_DOCUMENTATION_COMMENTS = YES;
				CLANG_WARN_EMPTY_BODY = YES;
				CLANG_WARN_ENUM_CONVERSION = YES;
				CLANG_WARN_INFINITE_RECURSION = YES;
				CLANG_WARN_INT_CONVERSION = YES;
				CLANG_WARN_NON_LITERAL_NULL_CONVERSION = YES;
				CLANG_WARN_OBJC_IMPLICIT_RETAIN_SELF = YES;
				CLANG_WARN_OBJC_LITERAL_CONVERSION = YES;
				CLANG_WARN_OBJC_ROOT_CLASS = YES_ERROR;
				CLANG_WARN_QUOTED_INCLUDE_IN_FRAMEWORK_HEADER = YES;
				CLANG_WARN_RANGE_LOOP_ANALYSIS = YES;
				CLANG_WARN_STRICT_PROTOTYPES = YES;
				CLANG_WARN_SUSPICIOUS_MOVE = YES;
				CLANG_WARN_UNGUARDED_AVAILABILITY = YES_AGGRESSIVE;
				CLANG_WARN_UNREACHABLE_CODE = YES;
				CLANG_WARN__DUPLICATE_METHOD_MATCH = YES;
				COPY_PHASE_STRIP = NO;
				DEBUG_INFORMATION_FORMAT = dwarf;
				ENABLE_STRICT_OBJC_MSGSEND = YES;
				ENABLE_TESTABILITY = YES;
				ENABLE_USER_SCRIPT_SANDBOXING = YES;
				GCC_C_LANGUAGE_STANDARD = gnu17;
				GCC_DYNAMIC_NO_PIC = NO;
				GCC_NO_COMMON_BLOCKS = YES;
				GCC_OPTIMIZATION_LEVEL = 0;
				GCC_PREPROCESSOR_DEFINITIONS = (
					"DEBUG=1",
					"$(inherited)",
				);
				GCC_WARN_64_TO_32_BIT_CONVERSION = YES;
				GCC_WARN_ABOUT_RETURN_TYPE = YES_ERROR;
				GCC_WARN_UNDECLARED_SELECTOR = YES;
				GCC_WARN_UNINITIALIZED_AUTOS = YES_AGGRESSIVE;
				GCC_WARN_UNUSED_FUNCTION = YES;
				GCC_WARN_UNUSED_VARIABLE = YES;
				IPHONEOS_DEPLOYMENT_TARGET = 17.5;
				LOCALIZATION_PREFERS_STRING_CATALOGS = YES;
				MTL_ENABLE_DEBUG_INFO = INCLUDE_SOURCE;
				MTL_FAST_MATH = YES;
				ONLY_ACTIVE_ARCH = YES;
				SDKROOT = iphoneos;
				SWIFT_ACTIVE_COMPILATION_CONDITIONS = "DEBUG $(inherited)";
				SWIFT_OPTIMIZATION_LEVEL = "-Onone";
			};
			name = Debug;
		};
		BD5096382C5C18B100B530D8 /* Release */ = {
			isa = XCBuildConfiguration;
			buildSettings = {
				ALWAYS_SEARCH_USER_PATHS = NO;
				ASSETCATALOG_COMPILER_GENERATE_SWIFT_ASSET_SYMBOL_EXTENSIONS = YES;
				CLANG_ANALYZER_NONNULL = YES;
				CLANG_ANALYZER_NUMBER_OBJECT_CONVERSION = YES_AGGRESSIVE;
				CLANG_CXX_LANGUAGE_STANDARD = "gnu++20";
				CLANG_ENABLE_MODULES = YES;
				CLANG_ENABLE_OBJC_ARC = YES;
				CLANG_ENABLE_OBJC_WEAK = YES;
				CLANG_WARN_BLOCK_CAPTURE_AUTORELEASING = YES;
				CLANG_WARN_BOOL_CONVERSION = YES;
				CLANG_WARN_COMMA = YES;
				CLANG_WARN_CONSTANT_CONVERSION = YES;
				CLANG_WARN_DEPRECATED_OBJC_IMPLEMENTATIONS = YES;
				CLANG_WARN_DIRECT_OBJC_ISA_USAGE = YES_ERROR;
				CLANG_WARN_DOCUMENTATION_COMMENTS = YES;
				CLANG_WARN_EMPTY_BODY = YES;
				CLANG_WARN_ENUM_CONVERSION = YES;
				CLANG_WARN_INFINITE_RECURSION = YES;
				CLANG_WARN_INT_CONVERSION = YES;
				CLANG_WARN_NON_LITERAL_NULL_CONVERSION = YES;
				CLANG_WARN_OBJC_IMPLICIT_RETAIN_SELF = YES;
				CLANG_WARN_OBJC_LITERAL_CONVERSION = YES;
				CLANG_WARN_OBJC_ROOT_CLASS = YES_ERROR;
				CLANG_WARN_QUOTED_INCLUDE_IN_FRAMEWORK_HEADER = YES;
				CLANG_WARN_RANGE_LOOP_ANALYSIS = YES;
				CLANG_WARN_STRICT_PROTOTYPES = YES;
				CLANG_WARN_SUSPICIOUS_MOVE = YES;
				CLANG_WARN_UNGUARDED_AVAILABILITY = YES_AGGRESSIVE;
				CLANG_WARN_UNREACHABLE_CODE = YES;
				CLANG_WARN__DUPLICATE_METHOD_MATCH = YES;
				COPY_PHASE_STRIP = NO;
				DEBUG_INFORMATION_FORMAT = "dwarf-with-dsym";
				ENABLE_NS_ASSERTIONS = NO;
				ENABLE_STRICT_OBJC_MSGSEND = YES;
				ENABLE_USER_SCRIPT_SANDBOXING = YES;
				GCC_C_LANGUAGE_STANDARD = gnu17;
				GCC_NO_COMMON_BLOCKS = YES;
				GCC_WARN_64_TO_32_BIT_CONVERSION = YES;
				GCC_WARN_ABOUT_RETURN_TYPE = YES_ERROR;
				GCC_WARN_UNDECLARED_SELECTOR = YES;
				GCC_WARN_UNINITIALIZED_AUTOS = YES_AGGRESSIVE;
				GCC_WARN_UNUSED_FUNCTION = YES;
				GCC_WARN_UNUSED_VARIABLE = YES;
				IPHONEOS_DEPLOYMENT_TARGET = 17.5;
				LOCALIZATION_PREFERS_STRING_CATALOGS = YES;
				MTL_ENABLE_DEBUG_INFO = NO;
				MTL_FAST_MATH = YES;
				SDKROOT = iphoneos;
				SWIFT_COMPILATION_MODE = wholemodule;
				VALIDATE_PRODUCT = YES;
			};
			name = Release;
		};
		BD50963A2C5C18B100B530D8 /* Debug */ = {
			isa = XCBuildConfiguration;
			buildSettings = {
				ASSETCATALOG_COMPILER_APPICON_NAME = AppIcon;
				ASSETCATALOG_COMPILER_GLOBAL_ACCENT_COLOR_NAME = AccentColor;
				CODE_SIGN_STYLE = Automatic;
				CURRENT_PROJECT_VERSION = 1;
				DEVELOPMENT_ASSET_PATHS = "\"EqualFootingg/Preview Content\"";
				ENABLE_PREVIEWS = YES;
				GENERATE_INFOPLIST_FILE = YES;
				INFOPLIST_KEY_UIApplicationSceneManifest_Generation = YES;
				INFOPLIST_KEY_UIApplicationSupportsIndirectInputEvents = YES;
				INFOPLIST_KEY_UILaunchScreen_Generation = YES;
				INFOPLIST_KEY_UISupportedInterfaceOrientations_iPad = "UIInterfaceOrientationPortrait UIInterfaceOrientationPortraitUpsideDown UIInterfaceOrientationLandscapeLeft UIInterfaceOrientationLandscapeRight";
				INFOPLIST_KEY_UISupportedInterfaceOrientations_iPhone = "UIInterfaceOrientationPortrait UIInterfaceOrientationLandscapeLeft UIInterfaceOrientationLandscapeRight";
				LD_RUNPATH_SEARCH_PATHS = (
					"$(inherited)",
					"@executable_path/Frameworks",
				);
				MARKETING_VERSION = 1.0;
				PRODUCT_BUNDLE_IDENTIFIER = kwk.EqualFootingg;
				PRODUCT_NAME = "$(TARGET_NAME)";
				SWIFT_EMIT_LOC_STRINGS = YES;
				SWIFT_VERSION = 5.0;
				TARGETED_DEVICE_FAMILY = "1,2";
			};
			name = Debug;
		};
		BD50963B2C5C18B100B530D8 /* Release */ = {
			isa = XCBuildConfiguration;
			buildSettings = {
				ASSETCATALOG_COMPILER_APPICON_NAME = AppIcon;
				ASSETCATALOG_COMPILER_GLOBAL_ACCENT_COLOR_NAME = AccentColor;
				CODE_SIGN_STYLE = Automatic;
				CURRENT_PROJECT_VERSION = 1;
				DEVELOPMENT_ASSET_PATHS = "\"EqualFootingg/Preview Content\"";
				ENABLE_PREVIEWS = YES;
				GENERATE_INFOPLIST_FILE = YES;
				INFOPLIST_KEY_UIApplicationSceneManifest_Generation = YES;
				INFOPLIST_KEY_UIApplicationSupportsIndirectInputEvents = YES;
				INFOPLIST_KEY_UILaunchScreen_Generation = YES;
				INFOPLIST_KEY_UISupportedInterfaceOrientations_iPad = "UIInterfaceOrientationPortrait UIInterfaceOrientationPortraitUpsideDown UIInterfaceOrientationLandscapeLeft UIInterfaceOrientationLandscapeRight";
				INFOPLIST_KEY_UISupportedInterfaceOrientations_iPhone = "UIInterfaceOrientationPortrait UIInterfaceOrientationLandscapeLeft UIInterfaceOrientationLandscapeRight";
				LD_RUNPATH_SEARCH_PATHS = (
					"$(inherited)",
					"@executable_path/Frameworks",
				);
				MARKETING_VERSION = 1.0;
				PRODUCT_BUNDLE_IDENTIFIER = kwk.EqualFootingg;
				PRODUCT_NAME = "$(TARGET_NAME)";
				SWIFT_EMIT_LOC_STRINGS = YES;
				SWIFT_VERSION = 5.0;
				TARGETED_DEVICE_FAMILY = "1,2";
			};
			name = Release;
		};
/* End XCBuildConfiguration section */

/* Begin XCConfigurationList section */
		BD5096262C5C18AF00B530D8 /* Build configuration list for PBXProject "EqualFootingg" */ = {
			isa = XCConfigurationList;
			buildConfigurations = (
				BD5096372C5C18B100B530D8 /* Debug */,
				BD5096382C5C18B100B530D8 /* Release */,
			);
			defaultConfigurationIsVisible = 0;
			defaultConfigurationName = Release;
		};
		BD5096392C5C18B100B530D8 /* Build configuration list for PBXNativeTarget "EqualFootingg" */ = {
			isa = XCConfigurationList;
			buildConfigurations = (
				BD50963A2C5C18B100B530D8 /* Debug */,
				BD50963B2C5C18B100B530D8 /* Release */,
			);
			defaultConfigurationIsVisible = 0;
			defaultConfigurationName = Release;
		};
/* End XCConfigurationList section */
	};
	rootObject = BD5096232C5C18AF00B530D8 /* Project object */;
}
